schema: '2.0'
stages:
  generate:
    cmd: recsys-generate
    deps:
    - path: src/recsys/data/factory.py
      hash: md5
      md5: 06be63441b85623f78b87be67569b8e0
      size: 2310
    - path: src/recsys/data/generator_enriched.py
      hash: md5
      md5: 0ad94309d6e1e76f301f27545c23ed2c
      size: 11299
    - path: src/recsys/pipeline/generate.py
      hash: md5
      md5: 1557cb4ceca4897523c9f0ab311c4bbb
      size: 1576
    params:
      params.yaml:
        generate:
          seed: 42
          num_users: 2000
          num_items: 500
          num_interactions: 50000
          affinity_strength: 3.0
          n_pref_categories: 2
    outs:
    - path: data/raw/interactions.parquet
      hash: md5
      md5: d8092426b8fe528475867e83f0e92ab3
      size: 569453
  preprocess:
    cmd: recsys-preprocess
    deps:
    - path: data/raw/interactions.parquet
      hash: md5
      md5: d8092426b8fe528475867e83f0e92ab3
      size: 569453
    - path: src/recsys/pipeline/preprocess.py
      hash: md5
      md5: d924459e76db16c17ac528a99aee5945
      size: 1075
    - path: src/recsys/preprocessing/splitter.py
      hash: md5
      md5: 6760a611b23209df31b5fc7a223993be
      size: 1487
    params:
      params.yaml:
        preprocess:
          test_size: 0.2
    outs:
    - path: data/interim/test.parquet
      hash: md5
      md5: 79799a778208ff5fbce0ddb9a1864b09
      size: 122426
    - path: data/interim/train.parquet
      hash: md5
      md5: 814b8289fc609e62d9c64d48b931e3e5
      size: 458655
  feature_eng:
    cmd: recsys-features
    deps:
    - path: data/interim/train.parquet
      hash: md5
      md5: 814b8289fc609e62d9c64d48b931e3e5
      size: 458655
    - path: src/recsys/features/build_features.py
      hash: md5
      md5: 2b7df2d7f1e734f2b7581a7f9678b059
      size: 842
    - path: src/recsys/pipeline/feature_eng.py
      hash: md5
      md5: d76e0e956b49a28622bfa47702a49e22
      size: 918
    outs:
    - path: data/processed/popularity.parquet
      hash: md5
      md5: afbc5b16599d61788ad3411aade5d036
      size: 4855
  train:
    cmd: recsys-train
    deps:
    - path: data/interim/train.parquet
      hash: md5
      md5: 814b8289fc609e62d9c64d48b931e3e5
      size: 458655
    - path: data/processed/popularity.parquet
      hash: md5
      md5: afbc5b16599d61788ad3411aade5d036
      size: 4855
    - path: src/recsys/models/baseline.py
      hash: md5
      md5: 0a5bd65e489431b13f9d9f5e25720cf5
      size: 1905
    - path: src/recsys/pipeline/train.py
      hash: md5
      md5: c8852811a7eaf40bd9d2d856c7766bca
      size: 1619
    outs:
    - path: models/baseline.pkl
      hash: md5
      md5: e02e5e849e4116f21cbf99d3776fb756
      size: 94279
  evaluate:
    cmd: recsys-evaluate
    deps:
    - path: data/interim/test.parquet
      hash: md5
      md5: 79799a778208ff5fbce0ddb9a1864b09
      size: 122426
    - path: models/baseline.pkl
      hash: md5
      md5: e02e5e849e4116f21cbf99d3776fb756
      size: 94279
    - path: src/recsys/evaluation/metrics.py
      hash: md5
      md5: a0801427fe1e3325b7161d4858cb8524
      size: 1674
    - path: src/recsys/pipeline/evaluate.py
      hash: md5
      md5: 2cd2e301fecb2f579b3381005d40ad79
      size: 2425
    params:
      params.yaml:
        evaluate:
          top_k: 10
    outs:
    - path: metrics/metrics.json
      hash: md5
      md5: 962f45cc2c2a12da18cf57741e4a140e
      size: 161
  train_embedding:
    cmd: recsys-train-embedding
    deps:
    - path: data/interim/train.parquet
      hash: md5
      md5: 814b8289fc609e62d9c64d48b931e3e5
      size: 458655
    - path: src/recsys/models/embedding.py
      hash: md5
      md5: 97d0ab7a7c51685a45fc4f716fa98930
      size: 7573
    - path: src/recsys/pipeline/train_embedding.py
      hash: md5
      md5: 27d5ee310c2dd0999a2c582a1b30169e
      size: 1956
    - path: src/recsys/preprocessing/encoder.py
      hash: md5
      md5: 6a049076fc3275b0321fe93ed24ad23a
      size: 1353
    params:
      params.yaml:
        embedding:
          emb_dim: 64
          hidden_dim: 128
          lr: 0.001
          epochs: 30
          batch_size: 1024
          neg_samples: 8
    outs:
    - path: models/embedding.pkl
      hash: md5
      md5: fc2e8cddff98221c907f3745f0e86e1a
      size: 837799
  evaluate_embedding:
    cmd: recsys-evaluate-embedding
    deps:
    - path: data/interim/test.parquet
      hash: md5
      md5: 79799a778208ff5fbce0ddb9a1864b09
      size: 122426
    - path: models/embedding.pkl
      hash: md5
      md5: fc2e8cddff98221c907f3745f0e86e1a
      size: 837799
    - path: src/recsys/evaluation/metrics.py
      hash: md5
      md5: a0801427fe1e3325b7161d4858cb8524
      size: 1674
    - path: src/recsys/pipeline/evaluate_embedding.py
      hash: md5
      md5: 10d6587762ced8244b70ca91e15861b6
      size: 2417
    params:
      params.yaml:
        evaluate:
          top_k: 10
    outs:
    - path: metrics/metrics_embedding.json
      hash: md5
      md5: e16f82b6cfd99ab55f5eb70923041cc1
      size: 161
