schema: '2.0'
stages:
  generate:
    cmd: recsys-generate
    deps:
    - path: src/recsys/data/factory.py
      hash: md5
      md5: 06be63441b85623f78b87be67569b8e0
      size: 2310
    - path: src/recsys/data/generator_enriched.py
      hash: md5
      md5: 777c76a52992258c32db1b7e9da6870a
      size: 11844
    - path: src/recsys/pipeline/generate.py
      hash: md5
      md5: 2fc540f7a1766613eb2f9ce05d2c7ac5
      size: 1620
    params:
      params.yaml:
        generate:
          seed: 42
          num_users: 2000
          num_items: 500
          num_interactions: 50000
          affinity_strength: 3.0
          n_pref_categories: 2
    outs:
    - path: data/raw/interactions.parquet
      hash: md5
      md5: cb44b16941f436b5430bd61fcde5634b
      size: 569562
  preprocess:
    cmd: recsys-preprocess
    deps:
    - path: data/raw/interactions.parquet
      hash: md5
      md5: cb44b16941f436b5430bd61fcde5634b
      size: 569562
    - path: src/recsys/pipeline/preprocess.py
      hash: md5
      md5: d924459e76db16c17ac528a99aee5945
      size: 1075
    - path: src/recsys/preprocessing/splitter.py
      hash: md5
      md5: 6760a611b23209df31b5fc7a223993be
      size: 1487
    params:
      params.yaml:
        preprocess:
          test_size: 0.2
    outs:
    - path: data/interim/test.parquet
      hash: md5
      md5: a5efe07c5c1b734eb5d759ada6a5ff9b
      size: 122585
    - path: data/interim/train.parquet
      hash: md5
      md5: dfb7b2ba517f386ef98bf77f3f1eb9c0
      size: 458648
  feature_eng:
    cmd: recsys-features
    deps:
    - path: data/interim/train.parquet
      hash: md5
      md5: dfb7b2ba517f386ef98bf77f3f1eb9c0
      size: 458648
    - path: src/recsys/features/build_features.py
      hash: md5
      md5: 2b7df2d7f1e734f2b7581a7f9678b059
      size: 842
    - path: src/recsys/pipeline/feature_eng.py
      hash: md5
      md5: d76e0e956b49a28622bfa47702a49e22
      size: 918
    outs:
    - path: data/processed/popularity.parquet
      hash: md5
      md5: 2f9a2b04c99a523ca100b5d46abdd262
      size: 4850
  train:
    cmd: recsys-train
    deps:
    - path: data/interim/train.parquet
      hash: md5
      md5: dfb7b2ba517f386ef98bf77f3f1eb9c0
      size: 458648
    - path: data/processed/popularity.parquet
      hash: md5
      md5: 2f9a2b04c99a523ca100b5d46abdd262
      size: 4850
    - path: src/recsys/models/baseline.py
      hash: md5
      md5: 0a5bd65e489431b13f9d9f5e25720cf5
      size: 1905
    - path: src/recsys/pipeline/train.py
      hash: md5
      md5: c8852811a7eaf40bd9d2d856c7766bca
      size: 1619
    outs:
    - path: models/baseline.pkl
      hash: md5
      md5: 9c9ac60e4b0dc8aff1757942ae2c0c10
      size: 94303
  evaluate:
    cmd: recsys-evaluate
    deps:
    - path: data/interim/test.parquet
      hash: md5
      md5: a5efe07c5c1b734eb5d759ada6a5ff9b
      size: 122585
    - path: models/baseline.pkl
      hash: md5
      md5: 9c9ac60e4b0dc8aff1757942ae2c0c10
      size: 94303
    - path: src/recsys/evaluation/metrics.py
      hash: md5
      md5: a0801427fe1e3325b7161d4858cb8524
      size: 1674
    - path: src/recsys/pipeline/evaluate.py
      hash: md5
      md5: 2cd2e301fecb2f579b3381005d40ad79
      size: 2425
    params:
      params.yaml:
        evaluate:
          top_k: 10
    outs:
    - path: metrics/metrics.json
      hash: md5
      md5: b926bc910ba72dc656e33bf667a5240e
      size: 160
  train_embedding:
    cmd: recsys-train-embedding
    deps:
    - path: data/interim/train.parquet
      hash: md5
      md5: dfb7b2ba517f386ef98bf77f3f1eb9c0
      size: 458648
    - path: src/recsys/models/embedding.py
      hash: md5
      md5: 005d2588dd2c4a18bff581562135f975
      size: 12301
    - path: src/recsys/pipeline/train_embedding.py
      hash: md5
      md5: 06a8a73a64bc61c746311f4a88f40371
      size: 2375
    - path: src/recsys/preprocessing/encoder.py
      hash: md5
      md5: 6a049076fc3275b0321fe93ed24ad23a
      size: 1353
    params:
      params.yaml:
        embedding:
          emb_dim: 96
          hidden_dim: 192
          lr: 0.001
          epochs: 50
          batch_size: 1024
          neg_samples: 8
          seed: 42
          patience: 10
          val_frac: 0.2
    outs:
    - path: models/embedding.pkl
      hash: md5
      md5: eadf667ddc895884e4e71056a7251a0a
      size: 1349590
  evaluate_embedding:
    cmd: recsys-evaluate-embedding
    deps:
    - path: data/interim/test.parquet
      hash: md5
      md5: a5efe07c5c1b734eb5d759ada6a5ff9b
      size: 122585
    - path: metrics/metrics.json
      hash: md5
      md5: b926bc910ba72dc656e33bf667a5240e
      size: 160
    - path: models/baseline.pkl
      hash: md5
      md5: 9c9ac60e4b0dc8aff1757942ae2c0c10
      size: 94303
    - path: models/embedding.pkl
      hash: md5
      md5: eadf667ddc895884e4e71056a7251a0a
      size: 1349590
    - path: src/recsys/evaluation/metrics.py
      hash: md5
      md5: a0801427fe1e3325b7161d4858cb8524
      size: 1674
    - path: src/recsys/pipeline/evaluate_embedding.py
      hash: md5
      md5: 613152450439365866d3ffd825887f0d
      size: 3906
    params:
      params.yaml:
        evaluate:
          top_k: 10
    outs:
    - path: metrics/metrics_embedding.json
      hash: md5
      md5: cc1d9861d325d44dd0b4f3e487bf0921
      size: 161
  train_svd:
    cmd: recsys-train-svd
    deps:
    - path: data/interim/train.parquet
      hash: md5
      md5: dfb7b2ba517f386ef98bf77f3f1eb9c0
      size: 458648
    - path: src/recsys/models/svd.py
      hash: md5
      md5: 7e0d1ee88771681be53b76f238a3fc91
      size: 3688
    - path: src/recsys/pipeline/train_svd.py
      hash: md5
      md5: 78252006f25c073af02ef64acda60621
      size: 1457
    - path: src/recsys/preprocessing/encoder.py
      hash: md5
      md5: f66a4a319effd4625d304c4c0b65500c
      size: 1317
    params:
      params.yaml:
        svd:
          n_components: 64
          seed: 42
    outs:
    - path: models/svd.pkl
      hash: md5
      md5: 6323586696de548a8647e6bd0fbf907c
      size: 767491
  evaluate_svd:
    cmd: recsys-evaluate-svd
    deps:
    - path: data/interim/test.parquet
      hash: md5
      md5: a5efe07c5c1b734eb5d759ada6a5ff9b
      size: 122585
    - path: models/svd.pkl
      hash: md5
      md5: 6323586696de548a8647e6bd0fbf907c
      size: 767491
    - path: src/recsys/evaluation/metrics.py
      hash: md5
      md5: 315a7365e317267608000f6b0af1344b
      size: 1628
    - path: src/recsys/pipeline/evaluate.py
      hash: md5
      md5: bc1cb39389ade3537293f600ba1318c0
      size: 2356
    - path: src/recsys/pipeline/evaluate_svd.py
      hash: md5
      md5: 1d3145ba366893ebd6e1b6bd73aad7eb
      size: 1369
    params:
      params.yaml:
        evaluate:
          top_k: 10
    outs:
    - path: metrics/metrics_svd.json
      hash: md5
      md5: aabab175929a4d6d55c8b7a10f0f8e31
      size: 154
